
Microsoft Visual Studio Solution File, Format Version 12.00
# Visual Studio 15
VisualStudioVersion = 15.0.28307.136
MinimumVisualStudioVersion = 10.0.40219.1
Project("{9A19103F-16F7-4668-BE54-9A1E7A4F7556}") = "Day1", "Day1\Day1.csproj", "{13DC1AF5-F421-4700-AE04-3C48B8C994CF}"
EndProject
Project("{2150E333-8FDC-42A3-9474-1A3956D46DE8}") = "Day2", "Day2", "{DB87FC99-AE87-445F-B5EF-41C5DC0ADE7C}"
	ProjectSection(SolutionItems) = preProject
		Input.txt = Input.txt
	EndProjectSection
EndProject
Project("{FAE04EC0-301F-11D3-BF4B-00C04F79EFBC}") = "App", "App\App.csproj", "{3EED22FF-74CA-4946-95DD-D6CC250877F6}"
EndProject
Project("{FAE04EC0-301F-11D3-BF4B-00C04F79EFBC}") = "Day2Tests", "Day2Tests\Day2Tests.csproj", "{948B3697-8AF1-420F-8515-6927BF4D4AA8}"
EndProject
Global
	GlobalSection(SolutionConfigurationPlatforms) = preSolution
		Debug|Any CPU = Debug|Any CPU
		Release|Any CPU = Release|Any CPU
	EndGlobalSection
	GlobalSection(ProjectConfigurationPlatforms) = postSolution
		{13DC1AF5-F421-4700-AE04-3C48B8C994CF}.Debug|Any CPU.ActiveCfg = Debug|Any CPU
		{13DC1AF5-F421-4700-AE04-3C48B8C994CF}.Debug|Any CPU.Build.0 = Debug|Any CPU
		{13DC1AF5-F421-4700-AE04-3C48B8C994CF}.Release|Any CPU.ActiveCfg = Release|Any CPU
		{13DC1AF5-F421-4700-AE04-3C48B8C994CF}.Release|Any CPU.Build.0 = Release|Any CPU
		{3EED22FF-74CA-4946-95DD-D6CC250877F6}.Debug|Any CPU.ActiveCfg = Debug|Any CPU
		{3EED22FF-74CA-4946-95DD-D6CC250877F6}.Debug|Any CPU.Build.0 = Debug|Any CPU
		{3EED22FF-74CA-4946-95DD-D6CC250877F6}.Release|Any CPU.ActiveCfg = Release|Any CPU
		{3EED22FF-74CA-4946-95DD-D6CC250877F6}.Release|Any CPU.Build.0 = Release|Any CPU
		{948B3697-8AF1-420F-8515-6927BF4D4AA8}.Debug|Any CPU.ActiveCfg = Debug|Any CPU
		{948B3697-8AF1-420F-8515-6927BF4D4AA8}.Debug|Any CPU.Build.0 = Debug|Any CPU
		{948B3697-8AF1-420F-8515-6927BF4D4AA8}.Release|Any CPU.ActiveCfg = Release|Any CPU
		{948B3697-8AF1-420F-8515-6927BF4D4AA8}.Release|Any CPU.Build.0 = Release|Any CPU
	EndGlobalSection
	GlobalSection(SolutionProperties) = preSolution
		HideSolutionNode = FALSE
	EndGlobalSection
	GlobalSection(NestedProjects) = preSolution
		{3EED22FF-74CA-4946-95DD-D6CC250877F6} = {DB87FC99-AE87-445F-B5EF-41C5DC0ADE7C}
		{948B3697-8AF1-420F-8515-6927BF4D4AA8} = {DB87FC99-AE87-445F-B5EF-41C5DC0ADE7C}
	EndGlobalSection
	GlobalSection(ExtensibilityGlobals) = postSolution
		SolutionGuid = {C2A93602-9213-4D21-A41E-052657996118}
	EndGlobalSection
EndGlobal
